// !$*UTF8*$!
{
	archiveVersion = 1;
	classes = {
	};
	objectVersion = 77;
	objects = {

/* Begin PBXBuildFile section */
		3A514BF72F715DF700253370 /* PlayerViewModel.swift in Sources */ = {isa = PBXBuildFile; fileRef = 3A514BF52F715DF700253370 /* PlayerViewModel.swift */; };
		3A514BF82F715DF700253370 /* AppEntry.swift in Sources */ = {isa = PBXBuildFile; fileRef = 3A514BF02F715DF700253370 /* AppEntry.swift */; };
		3A514BF92F715DF700253370 /* AuthView.swift in Sources */ = {isa = PBXBuildFile; fileRef = 3A514BF22F715DF700253370 /* AuthView.swift */; };
		3A514BFA2F715DF700253370 /* AppRoute.swift in Sources */ = {isa = PBXBuildFile; fileRef = 3A514BF12F715DF700253370 /* AppRoute.swift */; };
		3A514BFB2F715DF700253370 /* PlayerView.swift in Sources */ = {isa = PBXBuildFile; fileRef = 3A514BF42F715DF700253370 /* PlayerView.swift */; };
		3A514BFC2F715DF700253370 /* AuthViewModel.swift in Sources */ = {isa = PBXBuildFile; fileRef = 3A514BF32F715DF700253370 /* AuthViewModel.swift */; };
		3A514BFD2F715DF700253370 /* RootView.swift in Sources */ = {isa = PBXBuildFile; fileRef = 3A514BF62F715DF700253370 /* RootView.swift */; };
		3A759D362F716518007A20B8 /* SharedKit.framework in Frameworks */ = {isa = PBXBuildFile; fileRef = 3A514BFF2F715E9400253370 /* SharedKit.framework */; };
		3A759D372F716518007A20B8 /* SharedKit.framework in Embed Frameworks */ = {isa = PBXBuildFile; fileRef = 3A514BFF2F715E9400253370 /* SharedKit.framework */; settings = {ATTRIBUTES = (CodeSignOnCopy, RemoveHeadersOnCopy, ); }; };
/* End PBXBuildFile section */

/* Begin PBXCopyFilesBuildPhase section */
		3A759D382F716518007A20B8 /* Embed Frameworks */ = {
			isa = PBXCopyFilesBuildPhase;
			buildActionMask = 2147483647;
			dstPath = "";
			dstSubfolderSpec = 10;
			files = (
				3A759D372F716518007A20B8 /* SharedKit.framework in Embed Frameworks */,
			);
			name = "Embed Frameworks";
			runOnlyForDeploymentPostprocessing = 0;
		};
/* End PBXCopyFilesBuildPhase section */

/* Begin PBXFileReference section */
		3A514BD42F715CAF00253370 /* RickRollApp.app */ = {isa = PBXFileReference; explicitFileType = wrapper.application; includeInIndex = 0; path = RickRollApp.app; sourceTree = BUILT_PRODUCTS_DIR; };
		3A514BF02F715DF700253370 /* AppEntry.swift */ = {isa = PBXFileReference; lastKnownFileType = sourcecode.swift; name = AppEntry.swift; path = Sources/app/AppEntry.swift; sourceTree = SOURCE_ROOT; };
		3A514BF12F715DF700253370 /* AppRoute.swift */ = {isa = PBXFileReference; lastKnownFileType = sourcecode.swift; name = AppRoute.swift; path = Sources/navigation/AppRoute.swift; sourceTree = SOURCE_ROOT; };
		3A514BF22F715DF700253370 /* AuthView.swift */ = {isa = PBXFileReference; lastKnownFileType = sourcecode.swift; name = AuthView.swift; path = Sources/feature/auth/AuthView.swift; sourceTree = SOURCE_ROOT; };
		3A514BF32F715DF700253370 /* AuthViewModel.swift */ = {isa = PBXFileReference; lastKnownFileType = sourcecode.swift; name = AuthViewModel.swift; path = Sources/feature/auth/AuthViewModel.swift; sourceTree = SOURCE_ROOT; };
		3A514BF42F715DF700253370 /* PlayerView.swift */ = {isa = PBXFileReference; lastKnownFileType = sourcecode.swift; name = PlayerView.swift; path = Sources/feature/player/PlayerView.swift; sourceTree = SOURCE_ROOT; };
		3A514BF52F715DF700253370 /* PlayerViewModel.swift */ = {isa = PBXFileReference; lastKnownFileType = sourcecode.swift; name = PlayerViewModel.swift; path = Sources/feature/player/PlayerViewModel.swift; sourceTree = SOURCE_ROOT; };
		3A514BF62F715DF700253370 /* RootView.swift */ = {isa = PBXFileReference; lastKnownFileType = sourcecode.swift; name = RootView.swift; path = Sources/app/RootView.swift; sourceTree = SOURCE_ROOT; };
		3A514BFF2F715E9400253370 /* SharedKit.framework */ = {isa = PBXFileReference; lastKnownFileType = wrapper.framework; name = SharedKit.framework; path = ../shared/build/bin/iosSimulatorArm64/debugFramework/SharedKit.framework; sourceTree = "<group>"; };
/* End PBXFileReference section */

/* Begin PBXFileSystemSynchronizedRootGroup section */
		3A514BD62F715CAF00253370 /* Resources */ = {
			isa = PBXFileSystemSynchronizedRootGroup;
			path = Resources;
			sourceTree = "<group>";
		};
/* End PBXFileSystemSynchronizedRootGroup section */

/* Begin PBXFrameworksBuildPhase section */
		3A514BD12F715CAA00253370 /* Frameworks */ = {
			isa = PBXFrameworksBuildPhase;
			buildActionMask = 2147483647;
			files = (
				3A759D362F716518007A20B8 /* SharedKit.framework in Frameworks */,
			);
			runOnlyForDeploymentPostprocessing = 0;
		};
/* End PBXFrameworksBuildPhase section */

/* Begin PBXGroup section */
		3A514BCB2F715CAA00253370 = {
			isa = PBXGroup;
			children = (
				3A514C102F71610000253370 /* App */,
				3A514C112F71610000253370 /* Navigation */,
				3A514C122F71610000253370 /* Feature */,
				3A514BD62F715CAF00253370 /* Resources */,
				3A514BD52F715CAF00253370 /* Products */,
				3A514BFE2F715E9300253370 /* Frameworks */,
			);
			sourceTree = "<group>";
		};
		3A514BD52F715CAF00253370 /* Products */ = {
			isa = PBXGroup;
			children = (
				3A514BD42F715CAF00253370 /* RickRollApp.app */,
			);
			name = Products;
			sourceTree = "<group>";
		};
		3A514BFE2F715E9300253370 /* Frameworks */ = {
			isa = PBXGroup;
			children = (
				3A514BFF2F715E9400253370 /* SharedKit.framework */,
			);
			name = Frameworks;
			sourceTree = "<group>";
		};
		3A514C102F71610000253370 /* App */ = {
			isa = PBXGroup;
			children = (
				3A514BF02F715DF700253370 /* AppEntry.swift */,
				3A514BF62F715DF700253370 /* RootView.swift */,
			);
			path = App;
			sourceTree = "<group>";
		};
		3A514C112F71610000253370 /* Navigation */ = {
			isa = PBXGroup;
			children = (
				3A514BF12F715DF700253370 /* AppRoute.swift */,
			);
			path = Navigation;
			sourceTree = "<group>";
		};
		3A514C122F71610000253370 /* Feature */ = {
			isa = PBXGroup;
			children = (
				3A514C132F71610000253370 /* Auth */,
				3A514C142F71610000253370 /* Player */,
			);
			path = Feature;
			sourceTree = "<group>";
		};
		3A514C132F71610000253370 /* Auth */ = {
			isa = PBXGroup;
			children = (
				3A514BF22F715DF700253370 /* AuthView.swift */,
				3A514BF32F715DF700253370 /* AuthViewModel.swift */,
			);
			path = Auth;
			sourceTree = "<group>";
		};
		3A514C142F71610000253370 /* Player */ = {
			isa = PBXGroup;
			children = (
				3A514BF42F715DF700253370 /* PlayerView.swift */,
				3A514BF52F715DF700253370 /* PlayerViewModel.swift */,
			);
			path = Player;
			sourceTree = "<group>";
		};
/* End PBXGroup section */

/* Begin PBXNativeTarget section */
		3A514BD32F715CAA00253370 /* RickRollApp */ = {
			isa = PBXNativeTarget;
			buildConfigurationList = 3A514BDF2F715CBD00253370 /* Build configuration list for PBXNativeTarget "RickRollApp" */;
			buildPhases = (
				3A514BD02F715CAA00253370 /* Sources */,
				3A514BD12F715CAA00253370 /* Frameworks */,
				3A514BD22F715CAA00253370 /* Resources */,
				3A759D382F716518007A20B8 /* Embed Frameworks */,
			);
			buildRules = (
			);
			dependencies = (
			);
			fileSystemSynchronizedGroups = (
				3A514BD62F715CAF00253370 /* Resources */,
			);
			name = RickRollApp;
			packageProductDependencies = (
			);
			productName = RickRollApp;
			productReference = 3A514BD42F715CAF00253370 /* RickRollApp.app */;
			productType = "com.apple.product-type.application";
		};
/* End PBXNativeTarget section */

/* Begin PBXProject section */
		3A514BCC2F715CAA00253370 /* Project object */ = {
			isa = PBXProject;
			attributes = {
				BuildIndependentTargetsInParallel = 1;
				LastSwiftUpdateCheck = 2630;
				LastUpgradeCheck = 2630;
				TargetAttributes = {
					3A514BD32F715CAA00253370 = {
						CreatedOnToolsVersion = 26.3;
						LastSwiftMigration = 2630;
					};
				};
			};
			buildConfigurationList = 3A514BCF2F715CAA00253370 /* Build configuration list for PBXProject "RickRollApp" */;
			developmentRegion = en;
			hasScannedForEncodings = 0;
			knownRegions = (
				en,
				Base,
			);
			mainGroup = 3A514BCB2F715CAA00253370;
			minimizedProjectReferenceProxies = 1;
			preferredProjectObjectVersion = 77;
			productRefGroup = 3A514BD52F715CAF00253370 /* Products */;
			projectDirPath = "";
			projectRoot = "";
			targets = (
				3A514BD32F715CAA00253370 /* RickRollApp */,
			);
		};
/* End PBXProject section */

/* Begin PBXResourcesBuildPhase section */
		3A514BD22F715CAA00253370 /* Resources */ = {
			isa = PBXResourcesBuildPhase;
			buildActionMask = 2147483647;
			files = (
			);
			runOnlyForDeploymentPostprocessing = 0;
		};
/* End PBXResourcesBuildPhase section */

/* Begin PBXSourcesBuildPhase section */
		3A514BD02F715CAA00253370 /* Sources */ = {
			isa = PBXSourcesBuildPhase;
			buildActionMask = 2147483647;
			files = (
				3A514BF72F715DF700253370 /* PlayerViewModel.swift in Sources */,
				3A514BF82F715DF700253370 /* AppEntry.swift in Sources */,
				3A514BF92F715DF700253370 /* AuthView.swift in Sources */,
				3A514BFA2F715DF700253370 /* AppRoute.swift in Sources */,
				3A514BFB2F715DF700253370 /* PlayerView.swift in Sources */,
				3A514BFC2F715DF700253370 /* AuthViewModel.swift in Sources */,
				3A514BFD2F715DF700253370 /* RootView.swift in Sources */,
			);
			runOnlyForDeploymentPostprocessing = 0;
		};
/* End PBXSourcesBuildPhase section */

/* Begin XCBuildConfiguration section */
		3A514BDD2F715CBD00253370 /* Debug */ = {
			isa = XCBuildConfiguration;
			buildSettings = {
				ALWAYS_SEARCH_USER_PATHS = NO;
				ASSETCATALOG_COMPILER_GENERATE_SWIFT_ASSET_SYMBOL_EXTENSIONS = YES;
				CLANG_ANALYZER_NONNULL = YES;
				CLANG_ANALYZER_NUMBER_OBJECT_CONVERSION = YES_AGGRESSIVE;
				CLANG_CXX_LANGUAGE_STANDARD = "gnu++20";
				CLANG_ENABLE_MODULES = YES;
				CLANG_ENABLE_OBJC_ARC = YES;
				CLANG_ENABLE_OBJC_WEAK = YES;
				CLANG_WARN_BLOCK_CAPTURE_AUTORELEASING = YES;
				CLANG_WARN_BOOL_CONVERSION = YES;
				CLANG_WARN_COMMA = YES;
				CLANG_WARN_CONSTANT_CONVERSION = YES;
				CLANG_WARN_DEPRECATED_OBJC_IMPLEMENTATIONS = YES;
				CLANG_WARN_DIRECT_OBJC_ISA_USAGE = YES_ERROR;
				CLANG_WARN_DOCUMENTATION_COMMENTS = YES;
				CLANG_WARN_EMPTY_BODY = YES;
				CLANG_WARN_ENUM_CONVERSION = YES;
				CLANG_WARN_INFINITE_RECURSION = YES;
				CLANG_WARN_INT_CONVERSION = YES;
				CLANG_WARN_NON_LITERAL_NULL_CONVERSION = YES;
				CLANG_WARN_OBJC_IMPLICIT_RETAIN_SELF = YES;
				CLANG_WARN_OBJC_LITERAL_CONVERSION = YES;
				CLANG_WARN_OBJC_ROOT_CLASS = YES_ERROR;
				CLANG_WARN_QUOTED_INCLUDE_IN_FRAMEWORK_HEADER = YES;
				CLANG_WARN_RANGE_LOOP_ANALYSIS = YES;
				CLANG_WARN_STRICT_PROTOTYPES = YES;
				CLANG_WARN_SUSPICIOUS_MOVE = YES;
				CLANG_WARN_UNGUARDED_AVAILABILITY = YES_AGGRESSIVE;
				CLANG_WARN_UNREACHABLE_CODE = YES;
				CLANG_WARN__DUPLICATE_METHOD_MATCH = YES;
				COPY_PHASE_STRIP = NO;
				DEBUG_INFORMATION_FORMAT = dwarf;
				DEVELOPMENT_TEAM = MXWQSU4679;
				ENABLE_STRICT_OBJC_MSGSEND = YES;
				ENABLE_TESTABILITY = YES;
				ENABLE_USER_SCRIPT_SANDBOXING = YES;
				GCC_C_LANGUAGE_STANDARD = gnu17;
				GCC_DYNAMIC_NO_PIC = NO;
				GCC_NO_COMMON_BLOCKS = YES;
				GCC_OPTIMIZATION_LEVEL = 0;
				GCC_PREPROCESSOR_DEFINITIONS = (
					"DEBUG=1",
					"$(inherited)",
				);
				GCC_WARN_64_TO_32_BIT_CONVERSION = YES;
				GCC_WARN_ABOUT_RETURN_TYPE = YES_ERROR;
				GCC_WARN_UNDECLARED_SELECTOR = YES;
				GCC_WARN_UNINITIALIZED_AUTOS = YES_AGGRESSIVE;
				GCC_WARN_UNUSED_FUNCTION = YES;
				GCC_WARN_UNUSED_VARIABLE = YES;
				IPHONEOS_DEPLOYMENT_TARGET = 26.2;
				LOCALIZATION_PREFERS_STRING_CATALOGS = YES;
				MTL_ENABLE_DEBUG_INFO = INCLUDE_SOURCE;
				MTL_FAST_MATH = YES;
				ONLY_ACTIVE_ARCH = YES;
				SDKROOT = iphoneos;
				SWIFT_ACTIVE_COMPILATION_CONDITIONS = "DEBUG $(inherited)";
				SWIFT_OPTIMIZATION_LEVEL = "-Onone";
			};
			name = Debug;
		};
		3A514BDE2F715CBD00253370 /* Release */ = {
			isa = XCBuildConfiguration;
			buildSettings = {
				ALWAYS_SEARCH_USER_PATHS = NO;
				ASSETCATALOG_COMPILER_GENERATE_SWIFT_ASSET_SYMBOL_EXTENSIONS = YES;
				CLANG_ANALYZER_NONNULL = YES;
				CLANG_ANALYZER_NUMBER_OBJECT_CONVERSION = YES_AGGRESSIVE;
				CLANG_CXX_LANGUAGE_STANDARD = "gnu++20";
				CLANG_ENABLE_MODULES = YES;
				CLANG_ENABLE_OBJC_ARC = YES;
				CLANG_ENABLE_OBJC_WEAK = YES;
				CLANG_WARN_BLOCK_CAPTURE_AUTORELEASING = YES;
				CLANG_WARN_BOOL_CONVERSION = YES;
				CLANG_WARN_COMMA = YES;
				CLANG_WARN_CONSTANT_CONVERSION = YES;
				CLANG_WARN_DEPRECATED_OBJC_IMPLEMENTATIONS = YES;
				CLANG_WARN_DIRECT_OBJC_ISA_USAGE = YES_ERROR;
				CLANG_WARN_DOCUMENTATION_COMMENTS = YES;
				CLANG_WARN_EMPTY_BODY = YES;
				CLANG_WARN_ENUM_CONVERSION = YES;
				CLANG_WARN_INFINITE_RECURSION = YES;
				CLANG_WARN_INT_CONVERSION = YES;
				CLANG_WARN_NON_LITERAL_NULL_CONVERSION = YES;
				CLANG_WARN_OBJC_IMPLICIT_RETAIN_SELF = YES;
				CLANG_WARN_OBJC_LITERAL_CONVERSION = YES;
				CLANG_WARN_OBJC_ROOT_CLASS = YES_ERROR;
				CLANG_WARN_QUOTED_INCLUDE_IN_FRAMEWORK_HEADER = YES;
				CLANG_WARN_RANGE_LOOP_ANALYSIS = YES;
				CLANG_WARN_STRICT_PROTOTYPES = YES;
				CLANG_WARN_SUSPICIOUS_MOVE = YES;
				CLANG_WARN_UNGUARDED_AVAILABILITY = YES_AGGRESSIVE;
				CLANG_WARN_UNREACHABLE_CODE = YES;
				CLANG_WARN__DUPLICATE_METHOD_MATCH = YES;
				COPY_PHASE_STRIP = NO;
				DEBUG_INFORMATION_FORMAT = "dwarf-with-dsym";
				DEVELOPMENT_TEAM = MXWQSU4679;
				ENABLE_NS_ASSERTIONS = NO;
				ENABLE_STRICT_OBJC_MSGSEND = YES;
				ENABLE_USER_SCRIPT_SANDBOXING = YES;
				GCC_C_LANGUAGE_STANDARD = gnu17;
				GCC_NO_COMMON_BLOCKS = YES;
				GCC_WARN_64_TO_32_BIT_CONVERSION = YES;
				GCC_WARN_ABOUT_RETURN_TYPE = YES_ERROR;
				GCC_WARN_UNDECLARED_SELECTOR = YES;
				GCC_WARN_UNINITIALIZED_AUTOS = YES_AGGRESSIVE;
				GCC_WARN_UNUSED_FUNCTION = YES;
				GCC_WARN_UNUSED_VARIABLE = YES;
				IPHONEOS_DEPLOYMENT_TARGET = 26.2;
				LOCALIZATION_PREFERS_STRING_CATALOGS = YES;
				MTL_ENABLE_DEBUG_INFO = NO;
				MTL_FAST_MATH = YES;
				SDKROOT = iphoneos;
				SWIFT_COMPILATION_MODE = wholemodule;
				VALIDATE_PRODUCT = YES;
			};
			name = Release;
		};
		3A514BE02F715CBD00253370 /* Debug */ = {
			isa = XCBuildConfiguration;
			buildSettings = {
				ASSETCATALOG_COMPILER_APPICON_NAME = AppIcon;
				ASSETCATALOG_COMPILER_GLOBAL_ACCENT_COLOR_NAME = AccentColor;
				CLANG_ENABLE_MODULES = YES;
				CODE_SIGN_STYLE = Automatic;
				CURRENT_PROJECT_VERSION = 1;
				DEVELOPMENT_TEAM = MXWQSU4679;
				ENABLE_PREVIEWS = YES;
				"FRAMEWORK_SEARCH_PATHS[arch=*]" = "$(PROJECT_DIR)/../shared/build/bin/iosSimulatorArm64/debugFramework";
				GENERATE_INFOPLIST_FILE = YES;
				INFOPLIST_KEY_UIApplicationSceneManifest_Generation = YES;
				INFOPLIST_KEY_UIApplicationSupportsIndirectInputEvents = YES;
				INFOPLIST_KEY_UILaunchScreen_Generation = YES;
				INFOPLIST_KEY_UISupportedInterfaceOrientations_iPad = "UIInterfaceOrientationPortrait UIInterfaceOrientationPortraitUpsideDown UIInterfaceOrientationLandscapeLeft UIInterfaceOrientationLandscapeRight";
				INFOPLIST_KEY_UISupportedInterfaceOrientations_iPhone = "UIInterfaceOrientationPortrait UIInterfaceOrientationLandscapeLeft UIInterfaceOrientationLandscapeRight";
				LD_RUNPATH_SEARCH_PATHS = (
					"$(inherited)",
					"@executable_path/Frameworks",
				);
				MARKETING_VERSION = 1.0;
				PRODUCT_BUNDLE_IDENTIFIER = com.my.RickRollApp.RickRollApp;
				PRODUCT_NAME = "$(TARGET_NAME)";
				STRING_CATALOG_GENERATE_SYMBOLS = YES;
				SWIFT_APPROACHABLE_CONCURRENCY = YES;
				SWIFT_DEFAULT_ACTOR_ISOLATION = MainActor;
				SWIFT_EMIT_LOC_STRINGS = YES;
				SWIFT_OPTIMIZATION_LEVEL = "-Onone";
				SWIFT_UPCOMING_FEATURE_MEMBER_IMPORT_VISIBILITY = YES;
				SWIFT_VERSION = 5.0;
				TARGETED_DEVICE_FAMILY = "1,2";
			};
			name = Debug;
		};
		3A514BE12F715CBD00253370 /* Release */ = {
			isa = XCBuildConfiguration;
			buildSettings = {
				ASSETCATALOG_COMPILER_APPICON_NAME = AppIcon;
				ASSETCATALOG_COMPILER_GLOBAL_ACCENT_COLOR_NAME = AccentColor;
				CLANG_ENABLE_MODULES = YES;
				CODE_SIGN_STYLE = Automatic;
				CURRENT_PROJECT_VERSION = 1;
				DEVELOPMENT_TEAM = MXWQSU4679;
				ENABLE_PREVIEWS = YES;
				"FRAMEWORK_SEARCH_PATHS[arch=*]" = "$(PROJECT_DIR)/../shared/build/bin/iosSimulatorArm64/debugFramework";
				GENERATE_INFOPLIST_FILE = YES;
				INFOPLIST_KEY_UIApplicationSceneManifest_Generation = YES;
				INFOPLIST_KEY_UIApplicationSupportsIndirectInputEvents = YES;
				INFOPLIST_KEY_UILaunchScreen_Generation = YES;
				INFOPLIST_KEY_UISupportedInterfaceOrientations_iPad = "UIInterfaceOrientationPortrait UIInterfaceOrientationPortraitUpsideDown UIInterfaceOrientationLandscapeLeft UIInterfaceOrientationLandscapeRight";
				INFOPLIST_KEY_UISupportedInterfaceOrientations_iPhone = "UIInterfaceOrientationPortrait UIInterfaceOrientationLandscapeLeft UIInterfaceOrientationLandscapeRight";
				LD_RUNPATH_SEARCH_PATHS = (
					"$(inherited)",
					"@executable_path/Frameworks",
				);
				MARKETING_VERSION = 1.0;
				PRODUCT_BUNDLE_IDENTIFIER = com.my.RickRollApp.RickRollApp;
				PRODUCT_NAME = "$(TARGET_NAME)";
				STRING_CATALOG_GENERATE_SYMBOLS = YES;
				SWIFT_APPROACHABLE_CONCURRENCY = YES;
				SWIFT_DEFAULT_ACTOR_ISOLATION = MainActor;
				SWIFT_EMIT_LOC_STRINGS = YES;
				SWIFT_UPCOMING_FEATURE_MEMBER_IMPORT_VISIBILITY = YES;
				SWIFT_VERSION = 5.0;
				TARGETED_DEVICE_FAMILY = "1,2";
			};
			name = Release;
		};
/* End XCBuildConfiguration section */

/* Begin XCConfigurationList section */
		3A514BCF2F715CAA00253370 /* Build configuration list for PBXProject "RickRollApp" */ = {
			isa = XCConfigurationList;
			buildConfigurations = (
				3A514BDD2F715CBD00253370 /* Debug */,
				3A514BDE2F715CBD00253370 /* Release */,
			);
			defaultConfigurationIsVisible = 0;
			defaultConfigurationName = Release;
		};
		3A514BDF2F715CBD00253370 /* Build configuration list for PBXNativeTarget "RickRollApp" */ = {
			isa = XCConfigurationList;
			buildConfigurations = (
				3A514BE02F715CBD00253370 /* Debug */,
				3A514BE12F715CBD00253370 /* Release */,
			);
			defaultConfigurationIsVisible = 0;
			defaultConfigurationName = Release;
		};
/* End XCConfigurationList section */
	};
	rootObject = 3A514BCC2F715CAA00253370 /* Project object */;
}
